
Microsoft Visual Studio Solution File, Format Version 12.00
# Visual Studio Version 16
VisualStudioVersion = 16.0.30907.101
MinimumVisualStudioVersion = 10.0.40219.1
Project("{FAE04EC0-301F-11D3-BF4B-00C04F79EFBC}") = "NewEmail", "NewEmail\NewEmail.csproj", "{C3068B5B-90EA-48DA-8154-A3E2375D8682}"
EndProject
Global
	GlobalSection(SolutionConfigurationPlatforms) = preSolution
		Debug|Any CPU = Debug|Any CPU
		Release|Any CPU = Release|Any CPU
	EndGlobalSection
	GlobalSection(ProjectConfigurationPlatforms) = postSolution
		{C3068B5B-90EA-48DA-8154-A3E2375D8682}.Debug|Any CPU.ActiveCfg = Debug|Any CPU
		{C3068B5B-90EA-48DA-8154-A3E2375D8682}.Debug|Any CPU.Build.0 = Debug|Any CPU
		{C3068B5B-90EA-48DA-8154-A3E2375D8682}.Release|Any CPU.ActiveCfg = Release|Any CPU
		{C3068B5B-90EA-48DA-8154-A3E2375D8682}.Release|Any CPU.Build.0 = Release|Any CPU
	EndGlobalSection
	GlobalSection(SolutionProperties) = preSolution
		HideSolutionNode = FALSE
	EndGlobalSection
	GlobalSection(ExtensibilityGlobals) = postSolution
		SolutionGuid = {8549E5AA-F4C9-47F2-8F10-39F97F969A87}
	EndGlobalSection
EndGlobal
